
Microsoft Visual Studio Solution File, Format Version 12.00
# Visual Studio Version 17
VisualStudioVersion = 17.7.34031.279
MinimumVisualStudioVersion = 10.0.40219.1
Project("{FAE04EC0-301F-11D3-BF4B-00C04F79EFBC}") = "WebServiceDemo", "WebServiceDemo\WebServiceDemo.csproj", "{9C932BCA-D65B-438A-8240-447B030F9BF4}"
EndProject
Project("{FAE04EC0-301F-11D3-BF4B-00C04F79EFBC}") = "CalculatorWebApplication", "CalculatorWebApplication\CalculatorWebApplication.csproj", "{95BFC2E0-408C-49B5-B7C0-B3A5E25F815D}"
	ProjectSection(ProjectDependencies) = postProject
		{9C932BCA-D65B-438A-8240-447B030F9BF4} = {9C932BCA-D65B-438A-8240-447B030F9BF4}
	EndProjectSection
EndProject
Global
	GlobalSection(SolutionConfigurationPlatforms) = preSolution
		Debug|Any CPU = Debug|Any CPU
		Release|Any CPU = Release|Any CPU
	EndGlobalSection
	GlobalSection(ProjectConfigurationPlatforms) = postSolution
		{9C932BCA-D65B-438A-8240-447B030F9BF4}.Debug|Any CPU.ActiveCfg = Debug|Any CPU
		{9C932BCA-D65B-438A-8240-447B030F9BF4}.Debug|Any CPU.Build.0 = Debug|Any CPU
		{9C932BCA-D65B-438A-8240-447B030F9BF4}.Release|Any CPU.ActiveCfg = Release|Any CPU
		{9C932BCA-D65B-438A-8240-447B030F9BF4}.Release|Any CPU.Build.0 = Release|Any CPU
		{95BFC2E0-408C-49B5-B7C0-B3A5E25F815D}.Debug|Any CPU.ActiveCfg = Debug|Any CPU
		{95BFC2E0-408C-49B5-B7C0-B3A5E25F815D}.Debug|Any CPU.Build.0 = Debug|Any CPU
		{95BFC2E0-408C-49B5-B7C0-B3A5E25F815D}.Release|Any CPU.ActiveCfg = Release|Any CPU
		{95BFC2E0-408C-49B5-B7C0-B3A5E25F815D}.Release|Any CPU.Build.0 = Release|Any CPU
	EndGlobalSection
	GlobalSection(SolutionProperties) = preSolution
		HideSolutionNode = FALSE
	EndGlobalSection
	GlobalSection(ExtensibilityGlobals) = postSolution
		SolutionGuid = {BE8DF4B2-79F5-4A88-9ED5-EB66497DA8BE}
	EndGlobalSection
EndGlobal
